[[package]]
name = "mysql-connector-python"
version = "8.0.22"
description = "MySQL driver written in Python"
category = "main"
optional = false
python-versions = "*"

[package.dependencies]
protobuf = ">=3.0.0"

[package.extras]
compression = ["lz4 (>=2.1.6)", "zstandard (>=0.12.0)"]
dns-srv = ["dnspython (>=1.16.0)"]

[[package]]
name = "protobuf"
version = "3.13.0"
description = "Protocol Buffers"
category = "main"
optional = false
python-versions = "*"

[package.dependencies]
six = ">=1.9"

[[package]]
name = "six"
version = "1.15.0"
description = "Python 2 and 3 compatibility utilities"
category = "main"
optional = false
python-versions = ">=2.7, !=3.0.*, !=3.1.*, !=3.2.*"

[metadata]
lock-version = "1.1"
python-versions = "^3.8"
content-hash = "d706dcd188c89fc4789d63129dcc84ce7dc5bfda23501f3bca43e0235710741e"

[metadata.files]
mysql-connector-python = [
    {file = "mysql-connector-python-8.0.22.tar.gz", hash = "sha256:8ee85cd6b99b236a8a27870f0e77ac8f55c4e2cb4015e8f6f3a221d5e8ec059a"},
    {file = "mysql_connector_python-8.0.22-cp27-cp27m-macosx_10_14_x86_64.whl", hash = "sha256:a01b6e25aadec1a6c76763073081a570b6dd663ac727462b6439aac05ae7afc4"},
    {file = "mysql_connector_python-8.0.22-cp27-cp27m-manylinux1_i686.whl", hash = "sha256:cadc3afc6dd1730479456ab0224a87932d3aaa59d1b550b1a514e28fb7c167dc"},
    {file = "mysql_connector_python-8.0.22-cp27-cp27m-manylinux1_x86_64.whl", hash = "sha256:8786b014f28690be6a6b2f50579a4fbaa2e01ca1fd9a276592a1224806b012a0"},
    {file = "mysql_connector_python-8.0.22-cp27-cp27mu-manylinux1_i686.whl", hash = "sha256:899cd65c3270b8e32a4507c8e9984417bc189f50481b583335596f62d3048651"},
    {file = "mysql_connector_python-8.0.22-cp27-cp27mu-manylinux1_x86_64.whl", hash = "sha256:a4762b325a638f0970cfb88daa560586d440c81b207b0c5b011f1edeac0c7c02"},
    {file = "mysql_connector_python-8.0.22-cp35-cp35m-macosx_10_14_x86_64.whl", hash = "sha256:727d5d66c5e7b9cac98b64960213e7d63541db544f39a1edd25b50b5c4226c33"},
    {file = "mysql_connector_python-8.0.22-cp35-cp35m-manylinux1_i686.whl", hash = "sha256:af326728682ac80d9d8e242aa2667bb0f58fee3842945168ddc5a01880a50d59"},
    {file = "mysql_connector_python-8.0.22-cp35-cp35m-manylinux1_x86_64.whl", hash = "sha256:bddfd9d6937e1c4a83ff30b33746ece63cdab79d02debde751dcf14904b57e72"},
    {file = "mysql_connector_python-8.0.22-cp35-cp35m-win_amd64.whl", hash = "sha256:4679e4f5af7b422452fa7ab30b61be071207c049bacf7087223eddd46b3861b8"},
    {file = "mysql_connector_python-8.0.22-cp36-cp36m-macosx_10_14_x86_64.whl", hash = "sha256:b487375adf2e9772be357c7204a051c71055b9b145fa6ef205421884e8879b15"},
    {file = "mysql_connector_python-8.0.22-cp36-cp36m-manylinux1_i686.whl", hash = "sha256:8a855b120c6ae39410942c423767a61df01288f3dc9c38a545e221df392f7da3"},
    {file = "mysql_connector_python-8.0.22-cp36-cp36m-manylinux1_x86_64.whl", hash = "sha256:17f6c352e2d4bc1dad69228c7382fc1b77e335a0ed765f8f4a23b97770c109c7"},
    {file = "mysql_connector_python-8.0.22-cp36-cp36m-win_amd64.whl", hash = "sha256:9a8acbc96e3eea0605ea31bb6235836c6be62400b5331939c6dea67239e163de"},
    {file = "mysql_connector_python-8.0.22-cp37-cp37m-macosx_10_14_x86_64.whl", hash = "sha256:bad73f974e7d281f686d2551ddd778154e742d8c6547cf62c9f3e491c928053f"},
    {file = "mysql_connector_python-8.0.22-cp37-cp37m-manylinux1_i686.whl", hash = "sha256:ea5902baa08c5f12a5efe1d93bc47f1d1cd2136346567cde05ef5a11669e6fae"},
    {file = "mysql_connector_python-8.0.22-cp37-cp37m-manylinux1_x86_64.whl", hash = "sha256:9879536b47b61632263e42ad793a39a4d67c48d6b2449fe62da84a7e4a71a998"},
    {file = "mysql_connector_python-8.0.22-cp37-cp37m-win_amd64.whl", hash = "sha256:2e712dd9f2c9f9a16dffa8c0d5908a5a89c6e36533090bde8970ec9cf994d8fe"},
    {file = "mysql_connector_python-8.0.22-cp38-cp38-macosx_10_14_x86_64.whl", hash = "sha256:7622b7a37c7b94568ca62f130eb182f0b6fc8c0637f7909eed32dd726b611820"},
    {file = "mysql_connector_python-8.0.22-cp38-cp38-manylinux1_i686.whl", hash = "sha256:291449ab49e347acf1aa002f78ed0561436dd21c61c66fa5b318de6c503affeb"},
    {file = "mysql_connector_python-8.0.22-cp38-cp38-manylinux1_x86_64.whl", hash = "sha256:5517802ed71c4d07cfd7e73d4301d45410cdf4b1982e457b4c6abeaa6cf63fac"},
    {file = "mysql_connector_python-8.0.22-cp38-cp38-win_amd64.whl", hash = "sha256:93a4f4589c11c6b93f29b78f161afe53db93e9b4862f4b7fd846c59551fe8585"},
    {file = "mysql_connector_python-8.0.22-py2.py3-none-any.whl", hash = "sha256:29702ceeb4d9462c61064c5e8d04eec7af25ac3d8db73c52ea04b9bd2fb655d5"},
]
protobuf = [
    {file = "protobuf-3.13.0-cp27-cp27m-macosx_10_9_x86_64.whl", hash = "sha256:9c2e63c1743cba12737169c447374fab3dfeb18111a460a8c1a000e35836b18c"},
    {file = "protobuf-3.13.0-cp27-cp27mu-manylinux1_x86_64.whl", hash = "sha256:1e834076dfef9e585815757a2c7e4560c7ccc5962b9d09f831214c693a91b463"},
    {file = "protobuf-3.13.0-cp35-cp35m-macosx_10_9_intel.whl", hash = "sha256:df3932e1834a64b46ebc262e951cd82c3cf0fa936a154f0a42231140d8237060"},
    {file = "protobuf-3.13.0-cp35-cp35m-manylinux1_x86_64.whl", hash = "sha256:8c35bcbed1c0d29b127c886790e9d37e845ffc2725cc1db4bd06d70f4e8359f4"},
    {file = "protobuf-3.13.0-cp35-cp35m-win32.whl", hash = "sha256:339c3a003e3c797bc84499fa32e0aac83c768e67b3de4a5d7a5a9aa3b0da634c"},
    {file = "protobuf-3.13.0-cp35-cp35m-win_amd64.whl", hash = "sha256:361acd76f0ad38c6e38f14d08775514fbd241316cce08deb2ce914c7dfa1184a"},
    {file = "protobuf-3.13.0-cp36-cp36m-macosx_10_9_x86_64.whl", hash = "sha256:9edfdc679a3669988ec55a989ff62449f670dfa7018df6ad7f04e8dbacb10630"},
    {file = "protobuf-3.13.0-cp36-cp36m-manylinux1_x86_64.whl", hash = "sha256:5db9d3e12b6ede5e601b8d8684a7f9d90581882925c96acf8495957b4f1b204b"},
    {file = "protobuf-3.13.0-cp36-cp36m-win32.whl", hash = "sha256:c8abd7605185836f6f11f97b21200f8a864f9cb078a193fe3c9e235711d3ff1e"},
    {file = "protobuf-3.13.0-cp36-cp36m-win_amd64.whl", hash = "sha256:4d1174c9ed303070ad59553f435846a2f877598f59f9afc1b89757bdf846f2a7"},
    {file = "protobuf-3.13.0-cp37-cp37m-macosx_10_9_x86_64.whl", hash = "sha256:0bba42f439bf45c0f600c3c5993666fcb88e8441d011fad80a11df6f324eef33"},
    {file = "protobuf-3.13.0-cp37-cp37m-manylinux1_x86_64.whl", hash = "sha256:c0c5ab9c4b1eac0a9b838f1e46038c3175a95b0f2d944385884af72876bd6bc7"},
    {file = "protobuf-3.13.0-cp37-cp37m-win32.whl", hash = "sha256:f68eb9d03c7d84bd01c790948320b768de8559761897763731294e3bc316decb"},
    {file = "protobuf-3.13.0-cp37-cp37m-win_amd64.whl", hash = "sha256:91c2d897da84c62816e2f473ece60ebfeab024a16c1751aaf31100127ccd93ec"},
    {file = "protobuf-3.13.0-cp38-cp38-macosx_10_9_x86_64.whl", hash = "sha256:3dee442884a18c16d023e52e32dd34a8930a889e511af493f6dc7d4d9bf12e4f"},
    {file = "protobuf-3.13.0-cp38-cp38-manylinux1_x86_64.whl", hash = "sha256:e7662437ca1e0c51b93cadb988f9b353fa6b8013c0385d63a70c8a77d84da5f9"},
    {file = "protobuf-3.13.0-py2.py3-none-any.whl", hash = "sha256:d69697acac76d9f250ab745b46c725edf3e98ac24763990b24d58c16c642947a"},
    {file = "protobuf-3.13.0.tar.gz", hash = "sha256:6a82e0c8bb2bf58f606040cc5814e07715b2094caeba281e2e7d0b0e2e397db5"},
]
six = [
    {file = "six-1.15.0-py2.py3-none-any.whl", hash = "sha256:8b74bedcbbbaca38ff6d7491d76f2b06b3592611af620f8426e82dddb04a5ced"},
    {file = "six-1.15.0.tar.gz", hash = "sha256:30639c035cdb23534cd4aa2dd52c3bf48f06e5f4a941509c8bafd8ce11080259"},
]
