[[package]]
name = "mysql-connector-python"
version = "8.0.22"
description = "MySQL driver written in Python"
category = "main"
optional = false
python-versions = "*"

[package.dependencies]
protobuf = ">=3.0.0"

[package.extras]
compression = ["lz4 (>=2.1.6)", "zstandard (>=0.12.0)"]
dns-srv = ["dnspython (>=1.16.0)"]

[[package]]
name = "protobuf"
version = "3.14.0"
description = "Protocol Buffers"
category = "main"
optional = false
python-versions = "*"

[package.dependencies]
six = ">=1.9"

[[package]]
name = "six"
version = "1.15.0"
description = "Python 2 and 3 compatibility utilities"
category = "main"
optional = false
python-versions = ">=2.7, !=3.0.*, !=3.1.*, !=3.2.*"

[metadata]
lock-version = "1.1"
python-versions = "^3.8"
content-hash = "d706dcd188c89fc4789d63129dcc84ce7dc5bfda23501f3bca43e0235710741e"

[metadata.files]
mysql-connector-python = [
    {file = "mysql-connector-python-8.0.22.tar.gz", hash = "sha256:8ee85cd6b99b236a8a27870f0e77ac8f55c4e2cb4015e8f6f3a221d5e8ec059a"},
    {file = "mysql_connector_python-8.0.22-cp27-cp27m-macosx_10_14_x86_64.whl", hash = "sha256:a01b6e25aadec1a6c76763073081a570b6dd663ac727462b6439aac05ae7afc4"},
    {file = "mysql_connector_python-8.0.22-cp27-cp27m-manylinux1_i686.whl", hash = "sha256:cadc3afc6dd1730479456ab0224a87932d3aaa59d1b550b1a514e28fb7c167dc"},
    {file = "mysql_connector_python-8.0.22-cp27-cp27m-manylinux1_x86_64.whl", hash = "sha256:8786b014f28690be6a6b2f50579a4fbaa2e01ca1fd9a276592a1224806b012a0"},
    {file = "mysql_connector_python-8.0.22-cp27-cp27mu-manylinux1_i686.whl", hash = "sha256:899cd65c3270b8e32a4507c8e9984417bc189f50481b583335596f62d3048651"},
    {file = "mysql_connector_python-8.0.22-cp27-cp27mu-manylinux1_x86_64.whl", hash = "sha256:a4762b325a638f0970cfb88daa560586d440c81b207b0c5b011f1edeac0c7c02"},
    {file = "mysql_connector_python-8.0.22-cp35-cp35m-macosx_10_14_x86_64.whl", hash = "sha256:727d5d66c5e7b9cac98b64960213e7d63541db544f39a1edd25b50b5c4226c33"},
    {file = "mysql_connector_python-8.0.22-cp35-cp35m-manylinux1_i686.whl", hash = "sha256:af326728682ac80d9d8e242aa2667bb0f58fee3842945168ddc5a01880a50d59"},
    {file = "mysql_connector_python-8.0.22-cp35-cp35m-manylinux1_x86_64.whl", hash = "sha256:bddfd9d6937e1c4a83ff30b33746ece63cdab79d02debde751dcf14904b57e72"},
    {file = "mysql_connector_python-8.0.22-cp35-cp35m-win_amd64.whl", hash = "sha256:4679e4f5af7b422452fa7ab30b61be071207c049bacf7087223eddd46b3861b8"},
    {file = "mysql_connector_python-8.0.22-cp36-cp36m-macosx_10_14_x86_64.whl", hash = "sha256:b487375adf2e9772be357c7204a051c71055b9b145fa6ef205421884e8879b15"},
    {file = "mysql_connector_python-8.0.22-cp36-cp36m-manylinux1_i686.whl", hash = "sha256:8a855b120c6ae39410942c423767a61df01288f3dc9c38a545e221df392f7da3"},
    {file = "mysql_connector_python-8.0.22-cp36-cp36m-manylinux1_x86_64.whl", hash = "sha256:17f6c352e2d4bc1dad69228c7382fc1b77e335a0ed765f8f4a23b97770c109c7"},
    {file = "mysql_connector_python-8.0.22-cp36-cp36m-win_amd64.whl", hash = "sha256:9a8acbc96e3eea0605ea31bb6235836c6be62400b5331939c6dea67239e163de"},
    {file = "mysql_connector_python-8.0.22-cp37-cp37m-macosx_10_14_x86_64.whl", hash = "sha256:bad73f974e7d281f686d2551ddd778154e742d8c6547cf62c9f3e491c928053f"},
    {file = "mysql_connector_python-8.0.22-cp37-cp37m-manylinux1_i686.whl", hash = "sha256:ea5902baa08c5f12a5efe1d93bc47f1d1cd2136346567cde05ef5a11669e6fae"},
    {file = "mysql_connector_python-8.0.22-cp37-cp37m-manylinux1_x86_64.whl", hash = "sha256:9879536b47b61632263e42ad793a39a4d67c48d6b2449fe62da84a7e4a71a998"},
    {file = "mysql_connector_python-8.0.22-cp37-cp37m-win_amd64.whl", hash = "sha256:2e712dd9f2c9f9a16dffa8c0d5908a5a89c6e36533090bde8970ec9cf994d8fe"},
    {file = "mysql_connector_python-8.0.22-cp38-cp38-macosx_10_14_x86_64.whl", hash = "sha256:7622b7a37c7b94568ca62f130eb182f0b6fc8c0637f7909eed32dd726b611820"},
    {file = "mysql_connector_python-8.0.22-cp38-cp38-manylinux1_i686.whl", hash = "sha256:291449ab49e347acf1aa002f78ed0561436dd21c61c66fa5b318de6c503affeb"},
    {file = "mysql_connector_python-8.0.22-cp38-cp38-manylinux1_x86_64.whl", hash = "sha256:5517802ed71c4d07cfd7e73d4301d45410cdf4b1982e457b4c6abeaa6cf63fac"},
    {file = "mysql_connector_python-8.0.22-cp38-cp38-win_amd64.whl", hash = "sha256:93a4f4589c11c6b93f29b78f161afe53db93e9b4862f4b7fd846c59551fe8585"},
    {file = "mysql_connector_python-8.0.22-py2.py3-none-any.whl", hash = "sha256:29702ceeb4d9462c61064c5e8d04eec7af25ac3d8db73c52ea04b9bd2fb655d5"},
]
protobuf = [
    {file = "protobuf-3.14.0-cp27-cp27m-macosx_10_9_x86_64.whl", hash = "sha256:629b03fd3caae7f815b0c66b41273f6b1900a579e2ccb41ef4493a4f5fb84f3a"},
    {file = "protobuf-3.14.0-cp27-cp27mu-manylinux1_x86_64.whl", hash = "sha256:5b7a637212cc9b2bcf85dd828b1178d19efdf74dbfe1ddf8cd1b8e01fdaaa7f5"},
    {file = "protobuf-3.14.0-cp35-cp35m-macosx_10_9_intel.whl", hash = "sha256:43b554b9e73a07ba84ed6cf25db0ff88b1e06be610b37656e292e3cbb5437472"},
    {file = "protobuf-3.14.0-cp35-cp35m-manylinux1_x86_64.whl", hash = "sha256:5e9806a43232a1fa0c9cf5da8dc06f6910d53e4390be1fa06f06454d888a9142"},
    {file = "protobuf-3.14.0-cp35-cp35m-win32.whl", hash = "sha256:1c51fda1bbc9634246e7be6016d860be01747354ed7015ebe38acf4452f470d2"},
    {file = "protobuf-3.14.0-cp35-cp35m-win_amd64.whl", hash = "sha256:4b74301b30513b1a7494d3055d95c714b560fbb630d8fb9956b6f27992c9f980"},
    {file = "protobuf-3.14.0-cp36-cp36m-macosx_10_9_x86_64.whl", hash = "sha256:86a75477addde4918e9a1904e5c6af8d7b691f2a3f65587d73b16100fbe4c3b2"},
    {file = "protobuf-3.14.0-cp36-cp36m-manylinux1_x86_64.whl", hash = "sha256:ecc33531a213eee22ad60e0e2aaea6c8ba0021f0cce35dbf0ab03dee6e2a23a1"},
    {file = "protobuf-3.14.0-cp36-cp36m-win32.whl", hash = "sha256:72230ed56f026dd664c21d73c5db73ebba50d924d7ba6b7c0d81a121e390406e"},
    {file = "protobuf-3.14.0-cp36-cp36m-win_amd64.whl", hash = "sha256:0fc96785262042e4863b3f3b5c429d4636f10d90061e1840fce1baaf59b1a836"},
    {file = "protobuf-3.14.0-cp37-cp37m-macosx_10_9_x86_64.whl", hash = "sha256:4e75105c9dfe13719b7293f75bd53033108f4ba03d44e71db0ec2a0e8401eafd"},
    {file = "protobuf-3.14.0-cp37-cp37m-manylinux1_x86_64.whl", hash = "sha256:2a7e2fe101a7ace75e9327b9c946d247749e564a267b0515cf41dfe450b69bac"},
    {file = "protobuf-3.14.0-cp37-cp37m-win32.whl", hash = "sha256:b0d5d35faeb07e22a1ddf8dce620860c8fe145426c02d1a0ae2688c6e8ede36d"},
    {file = "protobuf-3.14.0-cp37-cp37m-win_amd64.whl", hash = "sha256:8971c421dbd7aad930c9bd2694122f332350b6ccb5202a8b7b06f3f1a5c41ed5"},
    {file = "protobuf-3.14.0-cp38-cp38-macosx_10_9_x86_64.whl", hash = "sha256:9616f0b65a30851e62f1713336c931fcd32c057202b7ff2cfbfca0fc7d5e3043"},
    {file = "protobuf-3.14.0-cp38-cp38-manylinux1_x86_64.whl", hash = "sha256:22bcd2e284b3b1d969c12e84dc9b9a71701ec82d8ce975fdda19712e1cfd4e00"},
    {file = "protobuf-3.14.0-py2.py3-none-any.whl", hash = "sha256:0e247612fadda953047f53301a7b0407cb0c3cb4ae25a6fde661597a04039b3c"},
    {file = "protobuf-3.14.0.tar.gz", hash = "sha256:1d63eb389347293d8915fb47bee0951c7b5dab522a4a60118b9a18f33e21f8ce"},
]
six = [
    {file = "six-1.15.0-py2.py3-none-any.whl", hash = "sha256:8b74bedcbbbaca38ff6d7491d76f2b06b3592611af620f8426e82dddb04a5ced"},
    {file = "six-1.15.0.tar.gz", hash = "sha256:30639c035cdb23534cd4aa2dd52c3bf48f06e5f4a941509c8bafd8ce11080259"},
]
